// !$*UTF8*$!
{
	archiveVersion = 1;
	classes = {
	};
	objectVersion = 56;
	objects = {

/* Begin PBXBuildFile section */
		419A9A9429A5D1F300D8A5DC /* AppDelegate.swift in Sources */ = {isa = PBXBuildFile; fileRef = 419A9A9329A5D1F300D8A5DC /* AppDelegate.swift */; };
		419A9A9629A5D1F300D8A5DC /* SceneDelegate.swift in Sources */ = {isa = PBXBuildFile; fileRef = 419A9A9529A5D1F300D8A5DC /* SceneDelegate.swift */; };
		419A9A9829A5D1F300D8A5DC /* MainViewController.swift in Sources */ = {isa = PBXBuildFile; fileRef = 419A9A9729A5D1F300D8A5DC /* MainViewController.swift */; };
		419A9A9D29A5D1F600D8A5DC /* Assets.xcassets in Resources */ = {isa = PBXBuildFile; fileRef = 419A9A9C29A5D1F600D8A5DC /* Assets.xcassets */; };
		419A9AA029A5D1F600D8A5DC /* LaunchScreen.storyboard in Resources */ = {isa = PBXBuildFile; fileRef = 419A9A9E29A5D1F600D8A5DC /* LaunchScreen.storyboard */; };
		419A9AAC29A5D81D00D8A5DC /* StoreHTTPClient.swift in Sources */ = {isa = PBXBuildFile; fileRef = 419A9AAB29A5D81D00D8A5DC /* StoreHTTPClient.swift */; };
		419A9AAF29A5D88400D8A5DC /* CountryData.swift in Sources */ = {isa = PBXBuildFile; fileRef = 419A9AAE29A5D88400D8A5DC /* CountryData.swift */; };
		419A9AB129A5E0F100D8A5DC /* SearchTableViewController.swift in Sources */ = {isa = PBXBuildFile; fileRef = 419A9AB029A5E0F100D8A5DC /* SearchTableViewController.swift */; };
		419A9AB529A5F22700D8A5DC /* AddCityWeatherViewController.swift in Sources */ = {isa = PBXBuildFile; fileRef = 419A9AB429A5F22700D8A5DC /* AddCityWeatherViewController.swift */; };
		419A9AB729A5F7F900D8A5DC /* CityWeatherCollectionViewController.swift in Sources */ = {isa = PBXBuildFile; fileRef = 419A9AB629A5F7F900D8A5DC /* CityWeatherCollectionViewController.swift */; };
		419A9AB929A5FB2300D8A5DC /* MainCollectionViewCell.swift in Sources */ = {isa = PBXBuildFile; fileRef = 419A9AB829A5FB2300D8A5DC /* MainCollectionViewCell.swift */; };
/* End PBXBuildFile section */

/* Begin PBXFileReference section */
		419A9A9029A5D1F300D8A5DC /* my_ios_weather(new).app */ = {isa = PBXFileReference; explicitFileType = wrapper.application; includeInIndex = 0; path = "my_ios_weather(new).app"; sourceTree = BUILT_PRODUCTS_DIR; };
		419A9A9329A5D1F300D8A5DC /* AppDelegate.swift */ = {isa = PBXFileReference; lastKnownFileType = sourcecode.swift; path = AppDelegate.swift; sourceTree = "<group>"; };
		419A9A9529A5D1F300D8A5DC /* SceneDelegate.swift */ = {isa = PBXFileReference; lastKnownFileType = sourcecode.swift; path = SceneDelegate.swift; sourceTree = "<group>"; };
		419A9A9729A5D1F300D8A5DC /* MainViewController.swift */ = {isa = PBXFileReference; lastKnownFileType = sourcecode.swift; path = MainViewController.swift; sourceTree = "<group>"; };
		419A9A9C29A5D1F600D8A5DC /* Assets.xcassets */ = {isa = PBXFileReference; lastKnownFileType = folder.assetcatalog; path = Assets.xcassets; sourceTree = "<group>"; };
		419A9A9F29A5D1F600D8A5DC /* Base */ = {isa = PBXFileReference; lastKnownFileType = file.storyboard; name = Base; path = Base.lproj/LaunchScreen.storyboard; sourceTree = "<group>"; };
		419A9AA129A5D1F600D8A5DC /* Info.plist */ = {isa = PBXFileReference; lastKnownFileType = text.plist.xml; path = Info.plist; sourceTree = "<group>"; };
		419A9AAB29A5D81D00D8A5DC /* StoreHTTPClient.swift */ = {isa = PBXFileReference; lastKnownFileType = sourcecode.swift; path = StoreHTTPClient.swift; sourceTree = "<group>"; };
		419A9AAE29A5D88400D8A5DC /* CountryData.swift */ = {isa = PBXFileReference; lastKnownFileType = sourcecode.swift; path = CountryData.swift; sourceTree = "<group>"; };
		419A9AB029A5E0F100D8A5DC /* SearchTableViewController.swift */ = {isa = PBXFileReference; lastKnownFileType = sourcecode.swift; path = SearchTableViewController.swift; sourceTree = "<group>"; };
		419A9AB429A5F22700D8A5DC /* AddCityWeatherViewController.swift */ = {isa = PBXFileReference; lastKnownFileType = sourcecode.swift; path = AddCityWeatherViewController.swift; sourceTree = "<group>"; };
		419A9AB629A5F7F900D8A5DC /* CityWeatherCollectionViewController.swift */ = {isa = PBXFileReference; lastKnownFileType = sourcecode.swift; path = CityWeatherCollectionViewController.swift; sourceTree = "<group>"; };
		419A9AB829A5FB2300D8A5DC /* MainCollectionViewCell.swift */ = {isa = PBXFileReference; lastKnownFileType = sourcecode.swift; path = MainCollectionViewCell.swift; sourceTree = "<group>"; };
/* End PBXFileReference section */

/* Begin PBXFrameworksBuildPhase section */
		419A9A8D29A5D1F300D8A5DC /* Frameworks */ = {
			isa = PBXFrameworksBuildPhase;
			buildActionMask = 2147483647;
			files = (
			);
			runOnlyForDeploymentPostprocessing = 0;
		};
/* End PBXFrameworksBuildPhase section */

/* Begin PBXGroup section */
		419A9A8729A5D1F300D8A5DC = {
			isa = PBXGroup;
			children = (
				419A9A9229A5D1F300D8A5DC /* my_ios_weather(new) */,
				419A9A9129A5D1F300D8A5DC /* Products */,
			);
			sourceTree = "<group>";
		};
		419A9A9129A5D1F300D8A5DC /* Products */ = {
			isa = PBXGroup;
			children = (
				419A9A9029A5D1F300D8A5DC /* my_ios_weather(new).app */,
			);
			name = Products;
			sourceTree = "<group>";
		};
		419A9A9229A5D1F300D8A5DC /* my_ios_weather(new) */ = {
			isa = PBXGroup;
			children = (
				419A9AA829A5D5A800D8A5DC /* my_ios_weather */,
				419A9AAD29A5D86000D8A5DC /* Models */,
				419A9AA929A5D7FE00D8A5DC /* Client */,
				419A9AA729A5D59300D8A5DC /* Controller */,
				419A9ABA29A5FDE300D8A5DC /* View */,
				419A9A9C29A5D1F600D8A5DC /* Assets.xcassets */,
				419A9A9E29A5D1F600D8A5DC /* LaunchScreen.storyboard */,
				419A9AA129A5D1F600D8A5DC /* Info.plist */,
			);
			path = "my_ios_weather(new)";
			sourceTree = "<group>";
		};
		419A9AA729A5D59300D8A5DC /* Controller */ = {
			isa = PBXGroup;
			children = (
				419A9A9729A5D1F300D8A5DC /* MainViewController.swift */,
				419A9AB029A5E0F100D8A5DC /* SearchTableViewController.swift */,
				419A9AB429A5F22700D8A5DC /* AddCityWeatherViewController.swift */,
				419A9AB629A5F7F900D8A5DC /* CityWeatherCollectionViewController.swift */,
			);
			path = Controller;
			sourceTree = "<group>";
		};
		419A9AA829A5D5A800D8A5DC /* my_ios_weather */ = {
			isa = PBXGroup;
			children = (
				419A9A9529A5D1F300D8A5DC /* SceneDelegate.swift */,
				419A9A9329A5D1F300D8A5DC /* AppDelegate.swift */,
			);
			path = my_ios_weather;
			sourceTree = "<group>";
		};
		419A9AA929A5D7FE00D8A5DC /* Client */ = {
			isa = PBXGroup;
			children = (
				419A9AAB29A5D81D00D8A5DC /* StoreHTTPClient.swift */,
			);
			path = Client;
			sourceTree = "<group>";
		};
		419A9AAD29A5D86000D8A5DC /* Models */ = {
			isa = PBXGroup;
			children = (
				419A9AAE29A5D88400D8A5DC /* CountryData.swift */,
			);
			path = Models;
			sourceTree = "<group>";
		};
		419A9ABA29A5FDE300D8A5DC /* View */ = {
			isa = PBXGroup;
			children = (
				419A9AB829A5FB2300D8A5DC /* MainCollectionViewCell.swift */,
			);
			path = View;
			sourceTree = "<group>";
		};
/* End PBXGroup section */

/* Begin PBXNativeTarget section */
		419A9A8F29A5D1F300D8A5DC /* my_ios_weather(new) */ = {
			isa = PBXNativeTarget;
			buildConfigurationList = 419A9AA429A5D1F600D8A5DC /* Build configuration list for PBXNativeTarget "my_ios_weather(new)" */;
			buildPhases = (
				419A9A8C29A5D1F300D8A5DC /* Sources */,
				419A9A8D29A5D1F300D8A5DC /* Frameworks */,
				419A9A8E29A5D1F300D8A5DC /* Resources */,
			);
			buildRules = (
			);
			dependencies = (
			);
			name = "my_ios_weather(new)";
			productName = "my_ios_weather(new)";
			productReference = 419A9A9029A5D1F300D8A5DC /* my_ios_weather(new).app */;
			productType = "com.apple.product-type.application";
		};
/* End PBXNativeTarget section */

/* Begin PBXProject section */
		419A9A8829A5D1F300D8A5DC /* Project object */ = {
			isa = PBXProject;
			attributes = {
				BuildIndependentTargetsInParallel = 1;
				LastSwiftUpdateCheck = 1410;
				LastUpgradeCheck = 1410;
				TargetAttributes = {
					419A9A8F29A5D1F300D8A5DC = {
						CreatedOnToolsVersion = 14.1;
					};
				};
			};
			buildConfigurationList = 419A9A8B29A5D1F300D8A5DC /* Build configuration list for PBXProject "my_ios_weather(new)" */;
			compatibilityVersion = "Xcode 14.0";
			developmentRegion = en;
			hasScannedForEncodings = 0;
			knownRegions = (
				en,
				Base,
			);
			mainGroup = 419A9A8729A5D1F300D8A5DC;
			productRefGroup = 419A9A9129A5D1F300D8A5DC /* Products */;
			projectDirPath = "";
			projectRoot = "";
			targets = (
				419A9A8F29A5D1F300D8A5DC /* my_ios_weather(new) */,
			);
		};
/* End PBXProject section */

/* Begin PBXResourcesBuildPhase section */
		419A9A8E29A5D1F300D8A5DC /* Resources */ = {
			isa = PBXResourcesBuildPhase;
			buildActionMask = 2147483647;
			files = (
				419A9AA029A5D1F600D8A5DC /* LaunchScreen.storyboard in Resources */,
				419A9A9D29A5D1F600D8A5DC /* Assets.xcassets in Resources */,
			);
			runOnlyForDeploymentPostprocessing = 0;
		};
/* End PBXResourcesBuildPhase section */

/* Begin PBXSourcesBuildPhase section */
		419A9A8C29A5D1F300D8A5DC /* Sources */ = {
			isa = PBXSourcesBuildPhase;
			buildActionMask = 2147483647;
			files = (
				419A9AB729A5F7F900D8A5DC /* CityWeatherCollectionViewController.swift in Sources */,
				419A9AB929A5FB2300D8A5DC /* MainCollectionViewCell.swift in Sources */,
				419A9AAC29A5D81D00D8A5DC /* StoreHTTPClient.swift in Sources */,
				419A9AB129A5E0F100D8A5DC /* SearchTableViewController.swift in Sources */,
				419A9AAF29A5D88400D8A5DC /* CountryData.swift in Sources */,
				419A9A9829A5D1F300D8A5DC /* MainViewController.swift in Sources */,
				419A9A9429A5D1F300D8A5DC /* AppDelegate.swift in Sources */,
				419A9A9629A5D1F300D8A5DC /* SceneDelegate.swift in Sources */,
				419A9AB529A5F22700D8A5DC /* AddCityWeatherViewController.swift in Sources */,
			);
			runOnlyForDeploymentPostprocessing = 0;
		};
/* End PBXSourcesBuildPhase section */

/* Begin PBXVariantGroup section */
		419A9A9E29A5D1F600D8A5DC /* LaunchScreen.storyboard */ = {
			isa = PBXVariantGroup;
			children = (
				419A9A9F29A5D1F600D8A5DC /* Base */,
			);
			name = LaunchScreen.storyboard;
			sourceTree = "<group>";
		};
/* End PBXVariantGroup section */

/* Begin XCBuildConfiguration section */
		419A9AA229A5D1F600D8A5DC /* Debug */ = {
			isa = XCBuildConfiguration;
			buildSettings = {
				ALWAYS_SEARCH_USER_PATHS = NO;
				CLANG_ANALYZER_NONNULL = YES;
				CLANG_ANALYZER_NUMBER_OBJECT_CONVERSION = YES_AGGRESSIVE;
				CLANG_CXX_LANGUAGE_STANDARD = "gnu++20";
				CLANG_ENABLE_MODULES = YES;
				CLANG_ENABLE_OBJC_ARC = YES;
				CLANG_ENABLE_OBJC_WEAK = YES;
				CLANG_WARN_BLOCK_CAPTURE_AUTORELEASING = YES;
				CLANG_WARN_BOOL_CONVERSION = YES;
				CLANG_WARN_COMMA = YES;
				CLANG_WARN_CONSTANT_CONVERSION = YES;
				CLANG_WARN_DEPRECATED_OBJC_IMPLEMENTATIONS = YES;
				CLANG_WARN_DIRECT_OBJC_ISA_USAGE = YES_ERROR;
				CLANG_WARN_DOCUMENTATION_COMMENTS = YES;
				CLANG_WARN_EMPTY_BODY = YES;
				CLANG_WARN_ENUM_CONVERSION = YES;
				CLANG_WARN_INFINITE_RECURSION = YES;
				CLANG_WARN_INT_CONVERSION = YES;
				CLANG_WARN_NON_LITERAL_NULL_CONVERSION = YES;
				CLANG_WARN_OBJC_IMPLICIT_RETAIN_SELF = YES;
				CLANG_WARN_OBJC_LITERAL_CONVERSION = YES;
				CLANG_WARN_OBJC_ROOT_CLASS = YES_ERROR;
				CLANG_WARN_QUOTED_INCLUDE_IN_FRAMEWORK_HEADER = YES;
				CLANG_WARN_RANGE_LOOP_ANALYSIS = YES;
				CLANG_WARN_STRICT_PROTOTYPES = YES;
				CLANG_WARN_SUSPICIOUS_MOVE = YES;
				CLANG_WARN_UNGUARDED_AVAILABILITY = YES_AGGRESSIVE;
				CLANG_WARN_UNREACHABLE_CODE = YES;
				CLANG_WARN__DUPLICATE_METHOD_MATCH = YES;
				COPY_PHASE_STRIP = NO;
				DEBUG_INFORMATION_FORMAT = dwarf;
				ENABLE_STRICT_OBJC_MSGSEND = YES;
				ENABLE_TESTABILITY = YES;
				GCC_C_LANGUAGE_STANDARD = gnu11;
				GCC_DYNAMIC_NO_PIC = NO;
				GCC_NO_COMMON_BLOCKS = YES;
				GCC_OPTIMIZATION_LEVEL = 0;
				GCC_PREPROCESSOR_DEFINITIONS = (
					"DEBUG=1",
					"$(inherited)",
				);
				GCC_WARN_64_TO_32_BIT_CONVERSION = YES;
				GCC_WARN_ABOUT_RETURN_TYPE = YES_ERROR;
				GCC_WARN_UNDECLARED_SELECTOR = YES;
				GCC_WARN_UNINITIALIZED_AUTOS = YES_AGGRESSIVE;
				GCC_WARN_UNUSED_FUNCTION = YES;
				GCC_WARN_UNUSED_VARIABLE = YES;
				IPHONEOS_DEPLOYMENT_TARGET = 16.1;
				MTL_ENABLE_DEBUG_INFO = INCLUDE_SOURCE;
				MTL_FAST_MATH = YES;
				ONLY_ACTIVE_ARCH = YES;
				SDKROOT = iphoneos;
				SWIFT_ACTIVE_COMPILATION_CONDITIONS = DEBUG;
				SWIFT_OPTIMIZATION_LEVEL = "-Onone";
			};
			name = Debug;
		};
		419A9AA329A5D1F600D8A5DC /* Release */ = {
			isa = XCBuildConfiguration;
			buildSettings = {
				ALWAYS_SEARCH_USER_PATHS = NO;
				CLANG_ANALYZER_NONNULL = YES;
				CLANG_ANALYZER_NUMBER_OBJECT_CONVERSION = YES_AGGRESSIVE;
				CLANG_CXX_LANGUAGE_STANDARD = "gnu++20";
				CLANG_ENABLE_MODULES = YES;
				CLANG_ENABLE_OBJC_ARC = YES;
				CLANG_ENABLE_OBJC_WEAK = YES;
				CLANG_WARN_BLOCK_CAPTURE_AUTORELEASING = YES;
				CLANG_WARN_BOOL_CONVERSION = YES;
				CLANG_WARN_COMMA = YES;
				CLANG_WARN_CONSTANT_CONVERSION = YES;
				CLANG_WARN_DEPRECATED_OBJC_IMPLEMENTATIONS = YES;
				CLANG_WARN_DIRECT_OBJC_ISA_USAGE = YES_ERROR;
				CLANG_WARN_DOCUMENTATION_COMMENTS = YES;
				CLANG_WARN_EMPTY_BODY = YES;
				CLANG_WARN_ENUM_CONVERSION = YES;
				CLANG_WARN_INFINITE_RECURSION = YES;
				CLANG_WARN_INT_CONVERSION = YES;
				CLANG_WARN_NON_LITERAL_NULL_CONVERSION = YES;
				CLANG_WARN_OBJC_IMPLICIT_RETAIN_SELF = YES;
				CLANG_WARN_OBJC_LITERAL_CONVERSION = YES;
				CLANG_WARN_OBJC_ROOT_CLASS = YES_ERROR;
				CLANG_WARN_QUOTED_INCLUDE_IN_FRAMEWORK_HEADER = YES;
				CLANG_WARN_RANGE_LOOP_ANALYSIS = YES;
				CLANG_WARN_STRICT_PROTOTYPES = YES;
				CLANG_WARN_SUSPICIOUS_MOVE = YES;
				CLANG_WARN_UNGUARDED_AVAILABILITY = YES_AGGRESSIVE;
				CLANG_WARN_UNREACHABLE_CODE = YES;
				CLANG_WARN__DUPLICATE_METHOD_MATCH = YES;
				COPY_PHASE_STRIP = NO;
				DEBUG_INFORMATION_FORMAT = "dwarf-with-dsym";
				ENABLE_NS_ASSERTIONS = NO;
				ENABLE_STRICT_OBJC_MSGSEND = YES;
				GCC_C_LANGUAGE_STANDARD = gnu11;
				GCC_NO_COMMON_BLOCKS = YES;
				GCC_WARN_64_TO_32_BIT_CONVERSION = YES;
				GCC_WARN_ABOUT_RETURN_TYPE = YES_ERROR;
				GCC_WARN_UNDECLARED_SELECTOR = YES;
				GCC_WARN_UNINITIALIZED_AUTOS = YES_AGGRESSIVE;
				GCC_WARN_UNUSED_FUNCTION = YES;
				GCC_WARN_UNUSED_VARIABLE = YES;
				IPHONEOS_DEPLOYMENT_TARGET = 16.1;
				MTL_ENABLE_DEBUG_INFO = NO;
				MTL_FAST_MATH = YES;
				SDKROOT = iphoneos;
				SWIFT_COMPILATION_MODE = wholemodule;
				SWIFT_OPTIMIZATION_LEVEL = "-O";
				VALIDATE_PRODUCT = YES;
			};
			name = Release;
		};
		419A9AA529A5D1F600D8A5DC /* Debug */ = {
			isa = XCBuildConfiguration;
			buildSettings = {
				ASSETCATALOG_COMPILER_APPICON_NAME = AppIcon;
				ASSETCATALOG_COMPILER_GLOBAL_ACCENT_COLOR_NAME = AccentColor;
				CODE_SIGN_STYLE = Automatic;
				CURRENT_PROJECT_VERSION = 1;
				DEVELOPMENT_TEAM = 8L4LV9LH2B;
				GENERATE_INFOPLIST_FILE = YES;
				INFOPLIST_FILE = "my_ios_weather(new)/Info.plist";
				INFOPLIST_KEY_UIApplicationSupportsIndirectInputEvents = YES;
				INFOPLIST_KEY_UILaunchStoryboardName = LaunchScreen;
				INFOPLIST_KEY_UISupportedInterfaceOrientations_iPad = "UIInterfaceOrientationPortrait UIInterfaceOrientationPortraitUpsideDown UIInterfaceOrientationLandscapeLeft UIInterfaceOrientationLandscapeRight";
				INFOPLIST_KEY_UISupportedInterfaceOrientations_iPhone = "UIInterfaceOrientationPortrait UIInterfaceOrientationLandscapeLeft UIInterfaceOrientationLandscapeRight";
				IPHONEOS_DEPLOYMENT_TARGET = 15.6;
				LD_RUNPATH_SEARCH_PATHS = (
					"$(inherited)",
					"@executable_path/Frameworks",
				);
				MARKETING_VERSION = 1.0;
				PRODUCT_BUNDLE_IDENTIFIER = "-050.my-ios-weather-new-";
				PRODUCT_NAME = "$(TARGET_NAME)";
				SWIFT_EMIT_LOC_STRINGS = YES;
				SWIFT_VERSION = 5.0;
				TARGETED_DEVICE_FAMILY = "1,2";
			};
			name = Debug;
		};
		419A9AA629A5D1F600D8A5DC /* Release */ = {
			isa = XCBuildConfiguration;
			buildSettings = {
				ASSETCATALOG_COMPILER_APPICON_NAME = AppIcon;
				ASSETCATALOG_COMPILER_GLOBAL_ACCENT_COLOR_NAME = AccentColor;
				CODE_SIGN_STYLE = Automatic;
				CURRENT_PROJECT_VERSION = 1;
				DEVELOPMENT_TEAM = 8L4LV9LH2B;
				GENERATE_INFOPLIST_FILE = YES;
				INFOPLIST_FILE = "my_ios_weather(new)/Info.plist";
				INFOPLIST_KEY_UIApplicationSupportsIndirectInputEvents = YES;
				INFOPLIST_KEY_UILaunchStoryboardName = LaunchScreen;
				INFOPLIST_KEY_UISupportedInterfaceOrientations_iPad = "UIInterfaceOrientationPortrait UIInterfaceOrientationPortraitUpsideDown UIInterfaceOrientationLandscapeLeft UIInterfaceOrientationLandscapeRight";
				INFOPLIST_KEY_UISupportedInterfaceOrientations_iPhone = "UIInterfaceOrientationPortrait UIInterfaceOrientationLandscapeLeft UIInterfaceOrientationLandscapeRight";
				IPHONEOS_DEPLOYMENT_TARGET = 15.6;
				LD_RUNPATH_SEARCH_PATHS = (
					"$(inherited)",
					"@executable_path/Frameworks",
				);
				MARKETING_VERSION = 1.0;
				PRODUCT_BUNDLE_IDENTIFIER = "-050.my-ios-weather-new-";
				PRODUCT_NAME = "$(TARGET_NAME)";
				SWIFT_EMIT_LOC_STRINGS = YES;
				SWIFT_VERSION = 5.0;
				TARGETED_DEVICE_FAMILY = "1,2";
			};
			name = Release;
		};
/* End XCBuildConfiguration section */

/* Begin XCConfigurationList section */
		419A9A8B29A5D1F300D8A5DC /* Build configuration list for PBXProject "my_ios_weather(new)" */ = {
			isa = XCConfigurationList;
			buildConfigurations = (
				419A9AA229A5D1F600D8A5DC /* Debug */,
				419A9AA329A5D1F600D8A5DC /* Release */,
			);
			defaultConfigurationIsVisible = 0;
			defaultConfigurationName = Release;
		};
		419A9AA429A5D1F600D8A5DC /* Build configuration list for PBXNativeTarget "my_ios_weather(new)" */ = {
			isa = XCConfigurationList;
			buildConfigurations = (
				419A9AA529A5D1F600D8A5DC /* Debug */,
				419A9AA629A5D1F600D8A5DC /* Release */,
			);
			defaultConfigurationIsVisible = 0;
			defaultConfigurationName = Release;
		};
/* End XCConfigurationList section */
	};
	rootObject = 419A9A8829A5D1F300D8A5DC /* Project object */;
}
